
Microsoft Visual Studio Solution File, Format Version 12.00
# Visual Studio 15
VisualStudioVersion = 15.0.28307.438
MinimumVisualStudioVersion = 10.0.40219.1
Project("{9092AA53-FB77-4645-B42D-1CCCA6BD08BD}") = "HelloWorldApp", "HelloWorldApp\HelloWorldApp.njsproj", "{EB2459FE-02B9-4112-95B5-143A6CF82B4C}"
EndProject
Global
	GlobalSection(SolutionConfigurationPlatforms) = preSolution
		Debug|Any CPU = Debug|Any CPU
		Release|Any CPU = Release|Any CPU
	EndGlobalSection
	GlobalSection(ProjectConfigurationPlatforms) = postSolution
		{EB2459FE-02B9-4112-95B5-143A6CF82B4C}.Debug|Any CPU.ActiveCfg = Debug|Any CPU
		{EB2459FE-02B9-4112-95B5-143A6CF82B4C}.Debug|Any CPU.Build.0 = Debug|Any CPU
		{EB2459FE-02B9-4112-95B5-143A6CF82B4C}.Release|Any CPU.ActiveCfg = Release|Any CPU
		{EB2459FE-02B9-4112-95B5-143A6CF82B4C}.Release|Any CPU.Build.0 = Release|Any CPU
	EndGlobalSection
	GlobalSection(SolutionProperties) = preSolution
		HideSolutionNode = FALSE
	EndGlobalSection
	GlobalSection(ExtensibilityGlobals) = postSolution
		SolutionGuid = {B6D17BC3-D49A-4C8E-A066-F036F8E96F67}
	EndGlobalSection
EndGlobal
